
Microsoft Visual Studio Solution File, Format Version 11.00
# Visual Studio 2010
Project("{FAE04EC0-301F-11D3-BF4B-00C04F79EFBC}") = "AgileFreaks", "AgileFreaks\AgileFreaks.csproj", "{6AD5D005-F5EE-4E0F-A1E5-42772819C570}"
EndProject
Project("{FAE04EC0-301F-11D3-BF4B-00C04F79EFBC}") = "AgileFreaks.Tests", "AgileFreaks.Tests\AgileFreaks.Tests.csproj", "{F8092438-7EC6-4B00-B82A-64D3AD4A3994}"
EndProject
Global
	GlobalSection(SolutionConfigurationPlatforms) = preSolution
		Debug|Any CPU = Debug|Any CPU
		Release|Any CPU = Release|Any CPU
	EndGlobalSection
	GlobalSection(ProjectConfigurationPlatforms) = postSolution
		{6AD5D005-F5EE-4E0F-A1E5-42772819C570}.Debug|Any CPU.ActiveCfg = Debug|Any CPU
		{6AD5D005-F5EE-4E0F-A1E5-42772819C570}.Debug|Any CPU.Build.0 = Debug|Any CPU
		{6AD5D005-F5EE-4E0F-A1E5-42772819C570}.Release|Any CPU.ActiveCfg = Release|Any CPU
		{6AD5D005-F5EE-4E0F-A1E5-42772819C570}.Release|Any CPU.Build.0 = Release|Any CPU
		{F8092438-7EC6-4B00-B82A-64D3AD4A3994}.Debug|Any CPU.ActiveCfg = Debug|Any CPU
		{F8092438-7EC6-4B00-B82A-64D3AD4A3994}.Debug|Any CPU.Build.0 = Debug|Any CPU
		{F8092438-7EC6-4B00-B82A-64D3AD4A3994}.Release|Any CPU.ActiveCfg = Release|Any CPU
		{F8092438-7EC6-4B00-B82A-64D3AD4A3994}.Release|Any CPU.Build.0 = Release|Any CPU
	EndGlobalSection
	GlobalSection(SolutionProperties) = preSolution
		HideSolutionNode = FALSE
	EndGlobalSection
EndGlobal
